
Microsoft Visual Studio Solution File, Format Version 12.00
# Visual Studio Version 17
VisualStudioVersion = 17.0.32126.317
MinimumVisualStudioVersion = 10.0.40219.1
Project("{9A19103F-16F7-4668-BE54-9A1E7A4F7556}") = "CarVentureWeekSeven", "CarVentureWeekSeven\CarVentureWeekSeven.csproj", "{8F73C9CB-1282-43E0-A6A8-E074710E5450}"
EndProject
Project("{FAE04EC0-301F-11D3-BF4B-00C04F79EFBC}") = "CarVentureCore", "CarVentureCore\CarVentureCore.csproj", "{5CDB19E6-C5EE-40F1-ACCA-2A224DE00F65}"
EndProject
Global
	GlobalSection(SolutionConfigurationPlatforms) = preSolution
		Debug|Any CPU = Debug|Any CPU
		Release|Any CPU = Release|Any CPU
	EndGlobalSection
	GlobalSection(ProjectConfigurationPlatforms) = postSolution
		{8F73C9CB-1282-43E0-A6A8-E074710E5450}.Debug|Any CPU.ActiveCfg = Debug|Any CPU
		{8F73C9CB-1282-43E0-A6A8-E074710E5450}.Debug|Any CPU.Build.0 = Debug|Any CPU
		{8F73C9CB-1282-43E0-A6A8-E074710E5450}.Release|Any CPU.ActiveCfg = Release|Any CPU
		{8F73C9CB-1282-43E0-A6A8-E074710E5450}.Release|Any CPU.Build.0 = Release|Any CPU
		{5CDB19E6-C5EE-40F1-ACCA-2A224DE00F65}.Debug|Any CPU.ActiveCfg = Debug|Any CPU
		{5CDB19E6-C5EE-40F1-ACCA-2A224DE00F65}.Debug|Any CPU.Build.0 = Debug|Any CPU
		{5CDB19E6-C5EE-40F1-ACCA-2A224DE00F65}.Release|Any CPU.ActiveCfg = Release|Any CPU
		{5CDB19E6-C5EE-40F1-ACCA-2A224DE00F65}.Release|Any CPU.Build.0 = Release|Any CPU
	EndGlobalSection
	GlobalSection(SolutionProperties) = preSolution
		HideSolutionNode = FALSE
	EndGlobalSection
	GlobalSection(ExtensibilityGlobals) = postSolution
		SolutionGuid = {BA8BFC35-6639-4888-B7EA-F88806F12545}
	EndGlobalSection
EndGlobal
